
Microsoft Visual Studio Solution File, Format Version 12.00
# Visual Studio 2013
VisualStudioVersion = 12.0.31101.0
MinimumVisualStudioVersion = 10.0.40219.1
Project("{FAE04EC0-301F-11D3-BF4B-00C04F79EFBC}") = "DryOutProject", "DryOutProject\DryOutProject.csproj", "{33F07B76-B7AF-4446-89F9-0DE4AC0D835A}"
EndProject
Project("{FAE04EC0-301F-11D3-BF4B-00C04F79EFBC}") = "DryOutProject.Tests", "DryOutProject.Tests\DryOutProject.Tests.csproj", "{BCEC2AE5-E55C-4116-98AF-52B3D04F0D09}"
EndProject
Global
	GlobalSection(SolutionConfigurationPlatforms) = preSolution
		Debug|Any CPU = Debug|Any CPU
		Release|Any CPU = Release|Any CPU
	EndGlobalSection
	GlobalSection(ProjectConfigurationPlatforms) = postSolution
		{33F07B76-B7AF-4446-89F9-0DE4AC0D835A}.Debug|Any CPU.ActiveCfg = Debug|Any CPU
		{33F07B76-B7AF-4446-89F9-0DE4AC0D835A}.Debug|Any CPU.Build.0 = Debug|Any CPU
		{33F07B76-B7AF-4446-89F9-0DE4AC0D835A}.Release|Any CPU.ActiveCfg = Release|Any CPU
		{33F07B76-B7AF-4446-89F9-0DE4AC0D835A}.Release|Any CPU.Build.0 = Release|Any CPU
		{BCEC2AE5-E55C-4116-98AF-52B3D04F0D09}.Debug|Any CPU.ActiveCfg = Debug|Any CPU
		{BCEC2AE5-E55C-4116-98AF-52B3D04F0D09}.Debug|Any CPU.Build.0 = Debug|Any CPU
		{BCEC2AE5-E55C-4116-98AF-52B3D04F0D09}.Release|Any CPU.ActiveCfg = Release|Any CPU
		{BCEC2AE5-E55C-4116-98AF-52B3D04F0D09}.Release|Any CPU.Build.0 = Release|Any CPU
	EndGlobalSection
	GlobalSection(SolutionProperties) = preSolution
		HideSolutionNode = FALSE
	EndGlobalSection
EndGlobal
